{
  "requires": true,
  "lockfileVersion": 1,
  "dependencies": {
    "react-native-easy-rating": {
      "version": "0.1.3",
      "resolved": "https://registry.npmjs.org/react-native-easy-rating/-/react-native-easy-rating-0.1.3.tgz",
      "integrity": "sha1-0D0zI0Of96TwSYQew0KnPW2K4GI="
    }
  }
}
